
Microsoft Visual Studio Solution File, Format Version 12.00
# Visual Studio Version 17
VisualStudioVersion = 17.1.32210.238
MinimumVisualStudioVersion = 10.0.40219.1
Project("{9A19103F-16F7-4668-BE54-9A1E7A4F7556}") = "Cinema.Core", "Cinema.Core\Cinema.Core.csproj", "{FFA74866-D80A-4C91-9061-241BAA35CB94}"
EndProject
Project("{9A19103F-16F7-4668-BE54-9A1E7A4F7556}") = "Cinema.Data", "Cinema.Data\Cinema.Data.csproj", "{BD84ED97-99C3-475A-8828-27E1B11C3856}"
	ProjectSection(ProjectDependencies) = postProject
		{FFA74866-D80A-4C91-9061-241BAA35CB94} = {FFA74866-D80A-4C91-9061-241BAA35CB94}
	EndProjectSection
EndProject
Project("{FAE04EC0-301F-11D3-BF4B-00C04F79EFBC}") = "Cinema.Web", "Cinema.Web\Cinema.Web.csproj", "{791CF97B-E36B-4FCB-A08B-1DD7A641564D}"
	ProjectSection(ProjectDependencies) = postProject
		{BD84ED97-99C3-475A-8828-27E1B11C3856} = {BD84ED97-99C3-475A-8828-27E1B11C3856}
	EndProjectSection
EndProject
Global
	GlobalSection(SolutionConfigurationPlatforms) = preSolution
		Debug|Any CPU = Debug|Any CPU
		Release|Any CPU = Release|Any CPU
	EndGlobalSection
	GlobalSection(ProjectConfigurationPlatforms) = postSolution
		{FFA74866-D80A-4C91-9061-241BAA35CB94}.Debug|Any CPU.ActiveCfg = Debug|Any CPU
		{FFA74866-D80A-4C91-9061-241BAA35CB94}.Debug|Any CPU.Build.0 = Debug|Any CPU
		{FFA74866-D80A-4C91-9061-241BAA35CB94}.Release|Any CPU.ActiveCfg = Release|Any CPU
		{FFA74866-D80A-4C91-9061-241BAA35CB94}.Release|Any CPU.Build.0 = Release|Any CPU
		{BD84ED97-99C3-475A-8828-27E1B11C3856}.Debug|Any CPU.ActiveCfg = Debug|Any CPU
		{BD84ED97-99C3-475A-8828-27E1B11C3856}.Debug|Any CPU.Build.0 = Debug|Any CPU
		{BD84ED97-99C3-475A-8828-27E1B11C3856}.Release|Any CPU.ActiveCfg = Release|Any CPU
		{BD84ED97-99C3-475A-8828-27E1B11C3856}.Release|Any CPU.Build.0 = Release|Any CPU
		{791CF97B-E36B-4FCB-A08B-1DD7A641564D}.Debug|Any CPU.ActiveCfg = Debug|Any CPU
		{791CF97B-E36B-4FCB-A08B-1DD7A641564D}.Debug|Any CPU.Build.0 = Debug|Any CPU
		{791CF97B-E36B-4FCB-A08B-1DD7A641564D}.Release|Any CPU.ActiveCfg = Release|Any CPU
		{791CF97B-E36B-4FCB-A08B-1DD7A641564D}.Release|Any CPU.Build.0 = Release|Any CPU
	EndGlobalSection
	GlobalSection(SolutionProperties) = preSolution
		HideSolutionNode = FALSE
	EndGlobalSection
	GlobalSection(ExtensibilityGlobals) = postSolution
		SolutionGuid = {480ADEAD-9646-4E0F-ACF1-8DDCE2AA5F18}
	EndGlobalSection
EndGlobal
